Microsoft Visual Studio Solution File, Format Version 12.00
# Visual Studio 2012
Project("{FAE04EC0-301F-11D3-BF4B-00C04F79EFBC}") = "OneButtonGame", "OneButtonGame.csproj", "{C060B314-4DF0-42B1-BCA3-66181C616DFA}"
EndProject
Global
	GlobalSection(SolutionConfigurationPlatforms) = preSolution
	Debug|Any CPU = Debug|Any CPU
	ExportDebug|Any CPU = ExportDebug|Any CPU
	ExportRelease|Any CPU = ExportRelease|Any CPU
	EndGlobalSection
	GlobalSection(ProjectConfigurationPlatforms) = postSolution
		{C060B314-4DF0-42B1-BCA3-66181C616DFA}.Debug|Any CPU.ActiveCfg = Debug|Any CPU
		{C060B314-4DF0-42B1-BCA3-66181C616DFA}.Debug|Any CPU.Build.0 = Debug|Any CPU
		{C060B314-4DF0-42B1-BCA3-66181C616DFA}.ExportDebug|Any CPU.ActiveCfg = ExportDebug|Any CPU
		{C060B314-4DF0-42B1-BCA3-66181C616DFA}.ExportDebug|Any CPU.Build.0 = ExportDebug|Any CPU
		{C060B314-4DF0-42B1-BCA3-66181C616DFA}.ExportRelease|Any CPU.ActiveCfg = ExportRelease|Any CPU
		{C060B314-4DF0-42B1-BCA3-66181C616DFA}.ExportRelease|Any CPU.Build.0 = ExportRelease|Any CPU
	EndGlobalSection
EndGlobal
